
Microsoft Visual Studio Solution File, Format Version 12.00
# Visual Studio Version 17
VisualStudioVersion = 17.8.34525.116
MinimumVisualStudioVersion = 10.0.40219.1
Project("{FAE04EC0-301F-11D3-BF4B-00C04F79EFBC}") = "WinFormsApp2", "WinFormsApp2.csproj", "{717CBDD7-AB3D-4E00-BC37-06A63D08FA1F}"
EndProject
Global
	GlobalSection(SolutionConfigurationPlatforms) = preSolution
		Debug|Any CPU = Debug|Any CPU
		Release|Any CPU = Release|Any CPU
	EndGlobalSection
	GlobalSection(ProjectConfigurationPlatforms) = postSolution
		{717CBDD7-AB3D-4E00-BC37-06A63D08FA1F}.Debug|Any CPU.ActiveCfg = Debug|Any CPU
		{717CBDD7-AB3D-4E00-BC37-06A63D08FA1F}.Debug|Any CPU.Build.0 = Debug|Any CPU
		{717CBDD7-AB3D-4E00-BC37-06A63D08FA1F}.Release|Any CPU.ActiveCfg = Release|Any CPU
		{717CBDD7-AB3D-4E00-BC37-06A63D08FA1F}.Release|Any CPU.Build.0 = Release|Any CPU
	EndGlobalSection
	GlobalSection(SolutionProperties) = preSolution
		HideSolutionNode = FALSE
	EndGlobalSection
	GlobalSection(ExtensibilityGlobals) = postSolution
		SolutionGuid = {2D1DD767-0CEA-4190-AAF4-1D19AB47A879}
	EndGlobalSection
EndGlobal
