
Microsoft Visual Studio Solution File, Format Version 12.00
# Visual Studio Version 17
VisualStudioVersion = 17.8.34525.116
MinimumVisualStudioVersion = 10.0.40219.1
Project("{9A19103F-16F7-4668-BE54-9A1E7A4F7556}") = "WinFormsApp2", "WinFormsApp2.csproj", "{717CBDD7-AB3D-4E00-BC37-06A63D08FA1F}"
EndProject
Project("{9A19103F-16F7-4668-BE54-9A1E7A4F7556}") = "ConsoleApp1", "..\ConsoleApp1\ConsoleApp1.csproj", "{6B994D74-B329-4599-AD63-F1D5F88C85AF}"
EndProject
Project("{9A19103F-16F7-4668-BE54-9A1E7A4F7556}") = "WinFormsApp3", "..\WinFormsApp3\WinFormsApp3.csproj", "{9735C74D-0029-4481-A5C0-134F2B8DBB77}"
EndProject
Project("{9A19103F-16F7-4668-BE54-9A1E7A4F7556}") = "WinFormsApp4", "..\WinFormsApp4\WinFormsApp4.csproj", "{69F3FDF2-3647-4BEE-8EE6-CFA4FEFF0476}"
EndProject
Project("{9A19103F-16F7-4668-BE54-9A1E7A4F7556}") = "codereview", "..\codereview\codereview.csproj", "{D9314007-0262-4682-8C45-DEF3E9E24E65}"
EndProject
Project("{9A19103F-16F7-4668-BE54-9A1E7A4F7556}") = "WinFormsApp5", "..\WinFormsApp5\WinFormsApp5.csproj", "{C731AAC7-8709-4A4B-BC22-EEB2EA70F9A3}"
EndProject
Project("{9A19103F-16F7-4668-BE54-9A1E7A4F7556}") = "WinFormsApp6", "..\WinFormsApp6\WinFormsApp6.csproj", "{F5CB6DB3-0D79-4626-80CD-F6C942CA7AD0}"
EndProject
Project("{9A19103F-16F7-4668-BE54-9A1E7A4F7556}") = "WinFormsApp7", "..\WinFormsApp7\WinFormsApp7.csproj", "{99CB9A80-CA14-4651-808D-B90D78169301}"
EndProject
Project("{9A19103F-16F7-4668-BE54-9A1E7A4F7556}") = "WinFormsApp8", "..\WinFormsApp8\WinFormsApp8.csproj", "{07EA519E-5233-4D98-8328-7D566C3C22CF}"
EndProject
Project("{9A19103F-16F7-4668-BE54-9A1E7A4F7556}") = "WinFormsApp10", "..\WinFormsApp10\WinFormsApp10.csproj", "{63C10A3F-C5A1-4DDA-823E-542A385D7283}"
EndProject
Project("{9A19103F-16F7-4668-BE54-9A1E7A4F7556}") = "WinFormsApp11", "..\WinFormsApp11\WinFormsApp11.csproj", "{1B341FDE-A00C-44EF-A336-BAFEB101ADDE}"
EndProject
Project("{9A19103F-16F7-4668-BE54-9A1E7A4F7556}") = "Class05", "..\class05\Class05.csproj", "{2D1AF4F6-2174-4803-881E-F13E2E727B0F}"
EndProject
Project("{FAE04EC0-301F-11D3-BF4B-00C04F79EFBC}") = "WindowsFormsApp1_Class05", "..\WindowsFormsApp1_Class05\WindowsFormsApp1_Class05.csproj", "{C4A9C501-AA4C-4039-BCAB-A817684700D8}"
EndProject
Global
	GlobalSection(SolutionConfigurationPlatforms) = preSolution
		Debug|Any CPU = Debug|Any CPU
		Release|Any CPU = Release|Any CPU
	EndGlobalSection
	GlobalSection(ProjectConfigurationPlatforms) = postSolution
		{717CBDD7-AB3D-4E00-BC37-06A63D08FA1F}.Debug|Any CPU.ActiveCfg = Debug|Any CPU
		{717CBDD7-AB3D-4E00-BC37-06A63D08FA1F}.Debug|Any CPU.Build.0 = Debug|Any CPU
		{717CBDD7-AB3D-4E00-BC37-06A63D08FA1F}.Release|Any CPU.ActiveCfg = Release|Any CPU
		{717CBDD7-AB3D-4E00-BC37-06A63D08FA1F}.Release|Any CPU.Build.0 = Release|Any CPU
		{6B994D74-B329-4599-AD63-F1D5F88C85AF}.Debug|Any CPU.ActiveCfg = Debug|Any CPU
		{6B994D74-B329-4599-AD63-F1D5F88C85AF}.Debug|Any CPU.Build.0 = Debug|Any CPU
		{6B994D74-B329-4599-AD63-F1D5F88C85AF}.Release|Any CPU.ActiveCfg = Release|Any CPU
		{6B994D74-B329-4599-AD63-F1D5F88C85AF}.Release|Any CPU.Build.0 = Release|Any CPU
		{9735C74D-0029-4481-A5C0-134F2B8DBB77}.Debug|Any CPU.ActiveCfg = Debug|Any CPU
		{9735C74D-0029-4481-A5C0-134F2B8DBB77}.Debug|Any CPU.Build.0 = Debug|Any CPU
		{9735C74D-0029-4481-A5C0-134F2B8DBB77}.Release|Any CPU.ActiveCfg = Release|Any CPU
		{9735C74D-0029-4481-A5C0-134F2B8DBB77}.Release|Any CPU.Build.0 = Release|Any CPU
		{69F3FDF2-3647-4BEE-8EE6-CFA4FEFF0476}.Debug|Any CPU.ActiveCfg = Debug|Any CPU
		{69F3FDF2-3647-4BEE-8EE6-CFA4FEFF0476}.Debug|Any CPU.Build.0 = Debug|Any CPU
		{69F3FDF2-3647-4BEE-8EE6-CFA4FEFF0476}.Release|Any CPU.ActiveCfg = Release|Any CPU
		{69F3FDF2-3647-4BEE-8EE6-CFA4FEFF0476}.Release|Any CPU.Build.0 = Release|Any CPU
		{D9314007-0262-4682-8C45-DEF3E9E24E65}.Debug|Any CPU.ActiveCfg = Debug|Any CPU
		{D9314007-0262-4682-8C45-DEF3E9E24E65}.Debug|Any CPU.Build.0 = Debug|Any CPU
		{D9314007-0262-4682-8C45-DEF3E9E24E65}.Release|Any CPU.ActiveCfg = Release|Any CPU
		{D9314007-0262-4682-8C45-DEF3E9E24E65}.Release|Any CPU.Build.0 = Release|Any CPU
		{C731AAC7-8709-4A4B-BC22-EEB2EA70F9A3}.Debug|Any CPU.ActiveCfg = Debug|Any CPU
		{C731AAC7-8709-4A4B-BC22-EEB2EA70F9A3}.Debug|Any CPU.Build.0 = Debug|Any CPU
		{C731AAC7-8709-4A4B-BC22-EEB2EA70F9A3}.Release|Any CPU.ActiveCfg = Release|Any CPU
		{C731AAC7-8709-4A4B-BC22-EEB2EA70F9A3}.Release|Any CPU.Build.0 = Release|Any CPU
		{F5CB6DB3-0D79-4626-80CD-F6C942CA7AD0}.Debug|Any CPU.ActiveCfg = Debug|Any CPU
		{F5CB6DB3-0D79-4626-80CD-F6C942CA7AD0}.Debug|Any CPU.Build.0 = Debug|Any CPU
		{F5CB6DB3-0D79-4626-80CD-F6C942CA7AD0}.Release|Any CPU.ActiveCfg = Release|Any CPU
		{F5CB6DB3-0D79-4626-80CD-F6C942CA7AD0}.Release|Any CPU.Build.0 = Release|Any CPU
		{99CB9A80-CA14-4651-808D-B90D78169301}.Debug|Any CPU.ActiveCfg = Debug|Any CPU
		{99CB9A80-CA14-4651-808D-B90D78169301}.Debug|Any CPU.Build.0 = Debug|Any CPU
		{99CB9A80-CA14-4651-808D-B90D78169301}.Release|Any CPU.ActiveCfg = Release|Any CPU
		{99CB9A80-CA14-4651-808D-B90D78169301}.Release|Any CPU.Build.0 = Release|Any CPU
		{07EA519E-5233-4D98-8328-7D566C3C22CF}.Debug|Any CPU.ActiveCfg = Debug|Any CPU
		{07EA519E-5233-4D98-8328-7D566C3C22CF}.Debug|Any CPU.Build.0 = Debug|Any CPU
		{07EA519E-5233-4D98-8328-7D566C3C22CF}.Release|Any CPU.ActiveCfg = Release|Any CPU
		{07EA519E-5233-4D98-8328-7D566C3C22CF}.Release|Any CPU.Build.0 = Release|Any CPU
		{63C10A3F-C5A1-4DDA-823E-542A385D7283}.Debug|Any CPU.ActiveCfg = Debug|Any CPU
		{63C10A3F-C5A1-4DDA-823E-542A385D7283}.Debug|Any CPU.Build.0 = Debug|Any CPU
		{63C10A3F-C5A1-4DDA-823E-542A385D7283}.Release|Any CPU.ActiveCfg = Release|Any CPU
		{63C10A3F-C5A1-4DDA-823E-542A385D7283}.Release|Any CPU.Build.0 = Release|Any CPU
		{1B341FDE-A00C-44EF-A336-BAFEB101ADDE}.Debug|Any CPU.ActiveCfg = Debug|Any CPU
		{1B341FDE-A00C-44EF-A336-BAFEB101ADDE}.Debug|Any CPU.Build.0 = Debug|Any CPU
		{1B341FDE-A00C-44EF-A336-BAFEB101ADDE}.Release|Any CPU.ActiveCfg = Release|Any CPU
		{1B341FDE-A00C-44EF-A336-BAFEB101ADDE}.Release|Any CPU.Build.0 = Release|Any CPU
		{2D1AF4F6-2174-4803-881E-F13E2E727B0F}.Debug|Any CPU.ActiveCfg = Debug|Any CPU
		{2D1AF4F6-2174-4803-881E-F13E2E727B0F}.Debug|Any CPU.Build.0 = Debug|Any CPU
		{2D1AF4F6-2174-4803-881E-F13E2E727B0F}.Release|Any CPU.ActiveCfg = Release|Any CPU
		{2D1AF4F6-2174-4803-881E-F13E2E727B0F}.Release|Any CPU.Build.0 = Release|Any CPU
		{C4A9C501-AA4C-4039-BCAB-A817684700D8}.Debug|Any CPU.ActiveCfg = Debug|Any CPU
		{C4A9C501-AA4C-4039-BCAB-A817684700D8}.Debug|Any CPU.Build.0 = Debug|Any CPU
		{C4A9C501-AA4C-4039-BCAB-A817684700D8}.Release|Any CPU.ActiveCfg = Release|Any CPU
		{C4A9C501-AA4C-4039-BCAB-A817684700D8}.Release|Any CPU.Build.0 = Release|Any CPU
	EndGlobalSection
	GlobalSection(SolutionProperties) = preSolution
		HideSolutionNode = FALSE
	EndGlobalSection
	GlobalSection(ExtensibilityGlobals) = postSolution
		SolutionGuid = {2D1DD767-0CEA-4190-AAF4-1D19AB47A879}
	EndGlobalSection
EndGlobal
