
Microsoft Visual Studio Solution File, Format Version 12.00
# Visual Studio Version 17
VisualStudioVersion = 17.8.34601.278
MinimumVisualStudioVersion = 10.0.40219.1
Project("{FAE04EC0-301F-11D3-BF4B-00C04F79EFBC}") = "ex0220_File_입출력", "ex0220_File_입출력\ex0220_File_입출력.csproj", "{984C055A-851F-4FA9-9F35-32C2A3EBE5C2}"
EndProject
Global
	GlobalSection(SolutionConfigurationPlatforms) = preSolution
		Debug|Any CPU = Debug|Any CPU
		Release|Any CPU = Release|Any CPU
	EndGlobalSection
	GlobalSection(ProjectConfigurationPlatforms) = postSolution
		{984C055A-851F-4FA9-9F35-32C2A3EBE5C2}.Debug|Any CPU.ActiveCfg = Debug|Any CPU
		{984C055A-851F-4FA9-9F35-32C2A3EBE5C2}.Debug|Any CPU.Build.0 = Debug|Any CPU
		{984C055A-851F-4FA9-9F35-32C2A3EBE5C2}.Release|Any CPU.ActiveCfg = Release|Any CPU
		{984C055A-851F-4FA9-9F35-32C2A3EBE5C2}.Release|Any CPU.Build.0 = Release|Any CPU
	EndGlobalSection
	GlobalSection(SolutionProperties) = preSolution
		HideSolutionNode = FALSE
	EndGlobalSection
	GlobalSection(ExtensibilityGlobals) = postSolution
		SolutionGuid = {1DD1FED3-8910-4467-B8D8-F9123F8517F7}
	EndGlobalSection
EndGlobal
