
Microsoft Visual Studio Solution File, Format Version 12.00
# Visual Studio Version 17
VisualStudioVersion = 17.8.34525.116
MinimumVisualStudioVersion = 10.0.40219.1
Project("{FAE04EC0-301F-11D3-BF4B-00C04F79EFBC}") = "0223_id_crud_ps", "0223_id_crud_ps.csproj", "{F7B92B5D-B4AE-4239-BC9E-9A611C7785FB}"
EndProject
Global
	GlobalSection(SolutionConfigurationPlatforms) = preSolution
		Debug|Any CPU = Debug|Any CPU
		Release|Any CPU = Release|Any CPU
	EndGlobalSection
	GlobalSection(ProjectConfigurationPlatforms) = postSolution
		{F7B92B5D-B4AE-4239-BC9E-9A611C7785FB}.Debug|Any CPU.ActiveCfg = Debug|Any CPU
		{F7B92B5D-B4AE-4239-BC9E-9A611C7785FB}.Debug|Any CPU.Build.0 = Debug|Any CPU
		{F7B92B5D-B4AE-4239-BC9E-9A611C7785FB}.Release|Any CPU.ActiveCfg = Release|Any CPU
		{F7B92B5D-B4AE-4239-BC9E-9A611C7785FB}.Release|Any CPU.Build.0 = Release|Any CPU
	EndGlobalSection
	GlobalSection(SolutionProperties) = preSolution
		HideSolutionNode = FALSE
	EndGlobalSection
	GlobalSection(ExtensibilityGlobals) = postSolution
		SolutionGuid = {DA947E2C-7999-4E33-9CE2-460B58FC2CC7}
	EndGlobalSection
EndGlobal
